{
    "name": "vscode-3dviewer",
    "version": "0.1.0",
    "lockfileVersion": 1,
    "requires": true,
    "dependencies": {
        "@types/dat-gui": {
            "version": "0.6.3",
            "resolved": "https://registry.npmjs.org/@types/dat-gui/-/dat-gui-0.6.3.tgz",
            "integrity": "sha512-N0JUd1/jrKQ00w0lz6uyx/4XhJ+qQb9Ir05DEzP4YS5N+vQUyKtcyVBG/u+NF7EkAkHHYDyzpvYf0AMS89R2OQ==",
            "dev": true
        },
        "@types/mocha": {
            "version": "2.2.48",
            "resolved": "https://registry.npmjs.org/@types/mocha/-/mocha-2.2.48.tgz",
            "integrity": "sha512-nlK/iyETgafGli8Zh9zJVCTicvU3iajSkRwOh3Hhiva598CMqNJ4NcVCGMTGKpGpTYj/9R8RLzS9NAykSSCqGw==",
            "dev": true
        },
        "@types/node": {
            "version": "7.10.7",
            "resolved": "https://registry.npmjs.org/@types/node/-/node-7.10.7.tgz",
            "integrity": "sha512-4I7+hXKyq7e1deuzX9udu0hPIYqSSkdKXtjow6fMnQ3OR9qkxIErGHbGY08YrfZJrCS1ajK8lOuzd0k3n2WM4A==",
            "dev": true
        },
        "@types/three": {
            "version": "0.84.37",
            "resolved": "https://registry.npmjs.org/@types/three/-/three-0.84.37.tgz",
            "integrity": "sha512-lzekwNCdEEkGAts0iVHQb6sMGl3LzwFfqAcxyGMpNwkSGx9NN0EfDiBax2HGoELSahqnSehVKScyHKLONytFCw==",
            "dev": true,
            "requires": {
                "@types/webvr-api": "*"
            }
        },
        "@types/vscode": {
            "version": "1.38.0",
            "resolved": "https://registry.npmjs.org/@types/vscode/-/vscode-1.38.0.tgz",
            "integrity": "sha512-aGo8LQ4J1YF0T9ORuCO+bhQ5sGR1MXa7VOyOdEP685se3wyQWYUExcdiDi6rvaK61KUwfzzA19JRLDrUbDl7BQ==",
            "dev": true
        },
        "@types/webgl-ext": {
            "version": "0.0.29",
            "resolved": "https://registry.npmjs.org/@types/webgl-ext/-/webgl-ext-0.0.29.tgz",
            "integrity": "sha512-ZlVjDQU5Vlc9hF4LGdDldujZUf0amwlwGv1RI2bfvdrEHIl6X/7MZVpemJUjS7NxD9XaKfE8SlFrxsfXpUkt/A==",
            "dev": true
        },
        "@types/webvr-api": {
            "version": "0.0.35",
            "resolved": "https://registry.npmjs.org/@types/webvr-api/-/webvr-api-0.0.35.tgz",
            "integrity": "sha512-jdpJqweU5v7hYwUlHKQU6wzjQvUfBfmTz4WBwVd/5PVGYalKm6YbEnM/3T+M+QzRYf2R/ojBGnrWpjHBZFR3Og==",
            "dev": true
        },
        "typescript": {
            "version": "3.6.3",
            "resolved": "https://registry.npmjs.org/typescript/-/typescript-3.6.3.tgz",
            "integrity": "sha512-N7bceJL1CtRQ2RiG0AQME13ksR7DiuQh/QehubYcghzv20tnh+MQnQIuJddTmsbqYj+dztchykemz0zFzlvdQw==",
            "dev": true
        }
    }
}
